
Microsoft Visual Studio Solution File, Format Version 12.00
# Visual Studio 15
Project("{FAE04EC0-301F-11D3-BF4B-00C04F79EFBC}") = "Assembly-CSharp", "Assembly-CSharp.csproj", "{C2EEA283-AB76-FD22-2388-F4D926A8C3E9}"
EndProject
Project("{FAE04EC0-301F-11D3-BF4B-00C04F79EFBC}") = "Assembly-CSharp-Editor", "Assembly-CSharp-Editor.csproj", "{B5A74FD5-1FD0-852C-3511-6B517377A714}"
EndProject
Global
	GlobalSection(SolutionConfigurationPlatforms) = preSolution
		Debug|Any CPU = Debug|Any CPU
		Release|Any CPU = Release|Any CPU
	EndGlobalSection
	GlobalSection(ProjectConfigurationPlatforms) = postSolution
		{C2EEA283-AB76-FD22-2388-F4D926A8C3E9}.Debug|Any CPU.ActiveCfg = Debug|Any CPU
		{C2EEA283-AB76-FD22-2388-F4D926A8C3E9}.Debug|Any CPU.Build.0 = Debug|Any CPU
		{C2EEA283-AB76-FD22-2388-F4D926A8C3E9}.Release|Any CPU.ActiveCfg = Release|Any CPU
		{C2EEA283-AB76-FD22-2388-F4D926A8C3E9}.Release|Any CPU.Build.0 = Release|Any CPU
		{B5A74FD5-1FD0-852C-3511-6B517377A714}.Debug|Any CPU.ActiveCfg = Debug|Any CPU
		{B5A74FD5-1FD0-852C-3511-6B517377A714}.Debug|Any CPU.Build.0 = Debug|Any CPU
		{B5A74FD5-1FD0-852C-3511-6B517377A714}.Release|Any CPU.ActiveCfg = Release|Any CPU
		{B5A74FD5-1FD0-852C-3511-6B517377A714}.Release|Any CPU.Build.0 = Release|Any CPU
	EndGlobalSection
	GlobalSection(SolutionProperties) = preSolution
		HideSolutionNode = FALSE
	EndGlobalSection
EndGlobal
